// !$*UTF8*$!
{
	archiveVersion = 1;
	classes = {
	};
	objectVersion = 77;
	objects = {

/* Begin PBXContainerItemProxy section */
		BD6855002D720E1B006852A8 /* PBXContainerItemProxy */ = {
			isa = PBXContainerItemProxy;
			containerPortal = BD6854E12D720E18006852A8 /* Project object */;
			proxyType = 1;
			remoteGlobalIDString = BD6854E82D720E18006852A8;
			remoteInfo = EquityGroupTest_TusharZade;
		};
		BD68550A2D720E1B006852A8 /* PBXContainerItemProxy */ = {
			isa = PBXContainerItemProxy;
			containerPortal = BD6854E12D720E18006852A8 /* Project object */;
			proxyType = 1;
			remoteGlobalIDString = BD6854E82D720E18006852A8;
			remoteInfo = EquityGroupTest_TusharZade;
		};
/* End PBXContainerItemProxy section */

/* Begin PBXFileReference section */
		BD6854E92D720E18006852A8 /* EquityGroupTest_TusharZade.app */ = {isa = PBXFileReference; explicitFileType = wrapper.application; includeInIndex = 0; path = EquityGroupTest_TusharZade.app; sourceTree = BUILT_PRODUCTS_DIR; };
		BD6854FF2D720E1B006852A8 /* EquityGroupTest_TusharZadeTests.xctest */ = {isa = PBXFileReference; explicitFileType = wrapper.cfbundle; includeInIndex = 0; path = EquityGroupTest_TusharZadeTests.xctest; sourceTree = BUILT_PRODUCTS_DIR; };
		BD6855092D720E1B006852A8 /* EquityGroupTest_TusharZadeUITests.xctest */ = {isa = PBXFileReference; explicitFileType = wrapper.cfbundle; includeInIndex = 0; path = EquityGroupTest_TusharZadeUITests.xctest; sourceTree = BUILT_PRODUCTS_DIR; };
/* End PBXFileReference section */

/* Begin PBXFileSystemSynchronizedBuildFileExceptionSet section */
		BD6855112D720E1B006852A8 /* Exceptions for "EquityGroupTest_TusharZade" folder in "EquityGroupTest_TusharZade" target */ = {
			isa = PBXFileSystemSynchronizedBuildFileExceptionSet;
			membershipExceptions = (
				Info.plist,
			);
			target = BD6854E82D720E18006852A8 /* EquityGroupTest_TusharZade */;
		};
/* End PBXFileSystemSynchronizedBuildFileExceptionSet section */

/* Begin PBXFileSystemSynchronizedRootGroup section */
		BD6854EB2D720E18006852A8 /* EquityGroupTest_TusharZade */ = {
			isa = PBXFileSystemSynchronizedRootGroup;
			exceptions = (
				BD6855112D720E1B006852A8 /* Exceptions for "EquityGroupTest_TusharZade" folder in "EquityGroupTest_TusharZade" target */,
			);
			path = EquityGroupTest_TusharZade;
			sourceTree = "<group>";
		};
		BD6855022D720E1B006852A8 /* EquityGroupTest_TusharZadeTests */ = {
			isa = PBXFileSystemSynchronizedRootGroup;
			path = EquityGroupTest_TusharZadeTests;
			sourceTree = "<group>";
		};
		BD68550C2D720E1B006852A8 /* EquityGroupTest_TusharZadeUITests */ = {
			isa = PBXFileSystemSynchronizedRootGroup;
			path = EquityGroupTest_TusharZadeUITests;
			sourceTree = "<group>";
		};
/* End PBXFileSystemSynchronizedRootGroup section */

/* Begin PBXFrameworksBuildPhase section */
		BD6854E62D720E18006852A8 /* Frameworks */ = {
			isa = PBXFrameworksBuildPhase;
			buildActionMask = 2147483647;
			files = (
			);
			runOnlyForDeploymentPostprocessing = 0;
		};
		BD6854FC2D720E1B006852A8 /* Frameworks */ = {
			isa = PBXFrameworksBuildPhase;
			buildActionMask = 2147483647;
			files = (
			);
			runOnlyForDeploymentPostprocessing = 0;
		};
		BD6855062D720E1B006852A8 /* Frameworks */ = {
			isa = PBXFrameworksBuildPhase;
			buildActionMask = 2147483647;
			files = (
			);
			runOnlyForDeploymentPostprocessing = 0;
		};
/* End PBXFrameworksBuildPhase section */

/* Begin PBXGroup section */
		BD6854E02D720E18006852A8 = {
			isa = PBXGroup;
			children = (
				BD6854EB2D720E18006852A8 /* EquityGroupTest_TusharZade */,
				BD6855022D720E1B006852A8 /* EquityGroupTest_TusharZadeTests */,
				BD68550C2D720E1B006852A8 /* EquityGroupTest_TusharZadeUITests */,
				BD6854EA2D720E18006852A8 /* Products */,
			);
			sourceTree = "<group>";
		};
		BD6854EA2D720E18006852A8 /* Products */ = {
			isa = PBXGroup;
			children = (
				BD6854E92D720E18006852A8 /* EquityGroupTest_TusharZade.app */,
				BD6854FF2D720E1B006852A8 /* EquityGroupTest_TusharZadeTests.xctest */,
				BD6855092D720E1B006852A8 /* EquityGroupTest_TusharZadeUITests.xctest */,
			);
			name = Products;
			sourceTree = "<group>";
		};
/* End PBXGroup section */

/* Begin PBXNativeTarget section */
		BD6854E82D720E18006852A8 /* EquityGroupTest_TusharZade */ = {
			isa = PBXNativeTarget;
			buildConfigurationList = BD6855122D720E1B006852A8 /* Build configuration list for PBXNativeTarget "EquityGroupTest_TusharZade" */;
			buildPhases = (
				BD6854E52D720E18006852A8 /* Sources */,
				BD6854E62D720E18006852A8 /* Frameworks */,
				BD6854E72D720E18006852A8 /* Resources */,
			);
			buildRules = (
			);
			dependencies = (
			);
			fileSystemSynchronizedGroups = (
				BD6854EB2D720E18006852A8 /* EquityGroupTest_TusharZade */,
			);
			name = EquityGroupTest_TusharZade;
			packageProductDependencies = (
			);
			productName = EquityGroupTest_TusharZade;
			productReference = BD6854E92D720E18006852A8 /* EquityGroupTest_TusharZade.app */;
			productType = "com.apple.product-type.application";
		};
		BD6854FE2D720E1B006852A8 /* EquityGroupTest_TusharZadeTests */ = {
			isa = PBXNativeTarget;
			buildConfigurationList = BD6855172D720E1B006852A8 /* Build configuration list for PBXNativeTarget "EquityGroupTest_TusharZadeTests" */;
			buildPhases = (
				BD6854FB2D720E1B006852A8 /* Sources */,
				BD6854FC2D720E1B006852A8 /* Frameworks */,
				BD6854FD2D720E1B006852A8 /* Resources */,
			);
			buildRules = (
			);
			dependencies = (
				BD6855012D720E1B006852A8 /* PBXTargetDependency */,
			);
			fileSystemSynchronizedGroups = (
				BD6855022D720E1B006852A8 /* EquityGroupTest_TusharZadeTests */,
			);
			name = EquityGroupTest_TusharZadeTests;
			packageProductDependencies = (
			);
			productName = EquityGroupTest_TusharZadeTests;
			productReference = BD6854FF2D720E1B006852A8 /* EquityGroupTest_TusharZadeTests.xctest */;
			productType = "com.apple.product-type.bundle.unit-test";
		};
		BD6855082D720E1B006852A8 /* EquityGroupTest_TusharZadeUITests */ = {
			isa = PBXNativeTarget;
			buildConfigurationList = BD68551A2D720E1B006852A8 /* Build configuration list for PBXNativeTarget "EquityGroupTest_TusharZadeUITests" */;
			buildPhases = (
				BD6855052D720E1B006852A8 /* Sources */,
				BD6855062D720E1B006852A8 /* Frameworks */,
				BD6855072D720E1B006852A8 /* Resources */,
			);
			buildRules = (
			);
			dependencies = (
				BD68550B2D720E1B006852A8 /* PBXTargetDependency */,
			);
			fileSystemSynchronizedGroups = (
				BD68550C2D720E1B006852A8 /* EquityGroupTest_TusharZadeUITests */,
			);
			name = EquityGroupTest_TusharZadeUITests;
			packageProductDependencies = (
			);
			productName = EquityGroupTest_TusharZadeUITests;
			productReference = BD6855092D720E1B006852A8 /* EquityGroupTest_TusharZadeUITests.xctest */;
			productType = "com.apple.product-type.bundle.ui-testing";
		};
/* End PBXNativeTarget section */

/* Begin PBXProject section */
		BD6854E12D720E18006852A8 /* Project object */ = {
			isa = PBXProject;
			attributes = {
				BuildIndependentTargetsInParallel = 1;
				LastSwiftUpdateCheck = 1610;
				LastUpgradeCheck = 1610;
				TargetAttributes = {
					BD6854E82D720E18006852A8 = {
						CreatedOnToolsVersion = 16.1;
					};
					BD6854FE2D720E1B006852A8 = {
						CreatedOnToolsVersion = 16.1;
						TestTargetID = BD6854E82D720E18006852A8;
					};
					BD6855082D720E1B006852A8 = {
						CreatedOnToolsVersion = 16.1;
						TestTargetID = BD6854E82D720E18006852A8;
					};
				};
			};
			buildConfigurationList = BD6854E42D720E18006852A8 /* Build configuration list for PBXProject "EquityGroupTest_TusharZade" */;
			developmentRegion = en;
			hasScannedForEncodings = 0;
			knownRegions = (
				en,
				Base,
			);
			mainGroup = BD6854E02D720E18006852A8;
			minimizedProjectReferenceProxies = 1;
			preferredProjectObjectVersion = 77;
			productRefGroup = BD6854EA2D720E18006852A8 /* Products */;
			projectDirPath = "";
			projectRoot = "";
			targets = (
				BD6854E82D720E18006852A8 /* EquityGroupTest_TusharZade */,
				BD6854FE2D720E1B006852A8 /* EquityGroupTest_TusharZadeTests */,
				BD6855082D720E1B006852A8 /* EquityGroupTest_TusharZadeUITests */,
			);
		};
/* End PBXProject section */

/* Begin PBXResourcesBuildPhase section */
		BD6854E72D720E18006852A8 /* Resources */ = {
			isa = PBXResourcesBuildPhase;
			buildActionMask = 2147483647;
			files = (
			);
			runOnlyForDeploymentPostprocessing = 0;
		};
		BD6854FD2D720E1B006852A8 /* Resources */ = {
			isa = PBXResourcesBuildPhase;
			buildActionMask = 2147483647;
			files = (
			);
			runOnlyForDeploymentPostprocessing = 0;
		};
		BD6855072D720E1B006852A8 /* Resources */ = {
			isa = PBXResourcesBuildPhase;
			buildActionMask = 2147483647;
			files = (
			);
			runOnlyForDeploymentPostprocessing = 0;
		};
/* End PBXResourcesBuildPhase section */

/* Begin PBXSourcesBuildPhase section */
		BD6854E52D720E18006852A8 /* Sources */ = {
			isa = PBXSourcesBuildPhase;
			buildActionMask = 2147483647;
			files = (
			);
			runOnlyForDeploymentPostprocessing = 0;
		};
		BD6854FB2D720E1B006852A8 /* Sources */ = {
			isa = PBXSourcesBuildPhase;
			buildActionMask = 2147483647;
			files = (
			);
			runOnlyForDeploymentPostprocessing = 0;
		};
		BD6855052D720E1B006852A8 /* Sources */ = {
			isa = PBXSourcesBuildPhase;
			buildActionMask = 2147483647;
			files = (
			);
			runOnlyForDeploymentPostprocessing = 0;
		};
/* End PBXSourcesBuildPhase section */

/* Begin PBXTargetDependency section */
		BD6855012D720E1B006852A8 /* PBXTargetDependency */ = {
			isa = PBXTargetDependency;
			target = BD6854E82D720E18006852A8 /* EquityGroupTest_TusharZade */;
			targetProxy = BD6855002D720E1B006852A8 /* PBXContainerItemProxy */;
		};
		BD68550B2D720E1B006852A8 /* PBXTargetDependency */ = {
			isa = PBXTargetDependency;
			target = BD6854E82D720E18006852A8 /* EquityGroupTest_TusharZade */;
			targetProxy = BD68550A2D720E1B006852A8 /* PBXContainerItemProxy */;
		};
/* End PBXTargetDependency section */

/* Begin XCBuildConfiguration section */
		BD6855132D720E1B006852A8 /* Debug */ = {
			isa = XCBuildConfiguration;
			buildSettings = {
				ASSETCATALOG_COMPILER_APPICON_NAME = AppIcon;
				ASSETCATALOG_COMPILER_GLOBAL_ACCENT_COLOR_NAME = AccentColor;
				CODE_SIGN_STYLE = Automatic;
				CURRENT_PROJECT_VERSION = 1;
				GENERATE_INFOPLIST_FILE = YES;
				INFOPLIST_FILE = EquityGroupTest_TusharZade/Info.plist;
				INFOPLIST_KEY_UIApplicationSupportsIndirectInputEvents = YES;
				INFOPLIST_KEY_UILaunchStoryboardName = LaunchScreen;
				INFOPLIST_KEY_UIMainStoryboardFile = Main;
				INFOPLIST_KEY_UISupportedInterfaceOrientations_iPad = "UIInterfaceOrientationPortrait UIInterfaceOrientationPortraitUpsideDown UIInterfaceOrientationLandscapeLeft UIInterfaceOrientationLandscapeRight";
				INFOPLIST_KEY_UISupportedInterfaceOrientations_iPhone = "UIInterfaceOrientationPortrait UIInterfaceOrientationLandscapeLeft UIInterfaceOrientationLandscapeRight";
				LD_RUNPATH_SEARCH_PATHS = (
					"$(inherited)",
					"@executable_path/Frameworks",
				);
				MARKETING_VERSION = 1.0;
				PRODUCT_BUNDLE_IDENTIFIER = "com.tushar.EquityGroupTest-TusharZade";
				PRODUCT_NAME = "$(TARGET_NAME)";
				SWIFT_EMIT_LOC_STRINGS = YES;
				SWIFT_VERSION = 5.0;
				TARGETED_DEVICE_FAMILY = "1,2";
			};
			name = Debug;
		};
		BD6855142D720E1B006852A8 /* Release */ = {
			isa = XCBuildConfiguration;
			buildSettings = {
				ASSETCATALOG_COMPILER_APPICON_NAME = AppIcon;
				ASSETCATALOG_COMPILER_GLOBAL_ACCENT_COLOR_NAME = AccentColor;
				CODE_SIGN_STYLE = Automatic;
				CURRENT_PROJECT_VERSION = 1;
				GENERATE_INFOPLIST_FILE = YES;
				INFOPLIST_FILE = EquityGroupTest_TusharZade/Info.plist;
				INFOPLIST_KEY_UIApplicationSupportsIndirectInputEvents = YES;
				INFOPLIST_KEY_UILaunchStoryboardName = LaunchScreen;
				INFOPLIST_KEY_UIMainStoryboardFile = Main;
				INFOPLIST_KEY_UISupportedInterfaceOrientations_iPad = "UIInterfaceOrientationPortrait UIInterfaceOrientationPortraitUpsideDown UIInterfaceOrientationLandscapeLeft UIInterfaceOrientationLandscapeRight";
				INFOPLIST_KEY_UISupportedInterfaceOrientations_iPhone = "UIInterfaceOrientationPortrait UIInterfaceOrientationLandscapeLeft UIInterfaceOrientationLandscapeRight";
				LD_RUNPATH_SEARCH_PATHS = (
					"$(inherited)",
					"@executable_path/Frameworks",
				);
				MARKETING_VERSION = 1.0;
				PRODUCT_BUNDLE_IDENTIFIER = "com.tushar.EquityGroupTest-TusharZade";
				PRODUCT_NAME = "$(TARGET_NAME)";
				SWIFT_EMIT_LOC_STRINGS = YES;
				SWIFT_VERSION = 5.0;
				TARGETED_DEVICE_FAMILY = "1,2";
			};
			name = Release;
		};
		BD6855152D720E1B006852A8 /* Debug */ = {
			isa = XCBuildConfiguration;
			buildSettings = {
				ALWAYS_SEARCH_USER_PATHS = NO;
				ASSETCATALOG_COMPILER_GENERATE_SWIFT_ASSET_SYMBOL_EXTENSIONS = YES;
				CLANG_ANALYZER_NONNULL = YES;
				CLANG_ANALYZER_NUMBER_OBJECT_CONVERSION = YES_AGGRESSIVE;
				CLANG_CXX_LANGUAGE_STANDARD = "gnu++20";
				CLANG_ENABLE_MODULES = YES;
				CLANG_ENABLE_OBJC_ARC = YES;
				CLANG_ENABLE_OBJC_WEAK = YES;
				CLANG_WARN_BLOCK_CAPTURE_AUTORELEASING = YES;
				CLANG_WARN_BOOL_CONVERSION = YES;
				CLANG_WARN_COMMA = YES;
				CLANG_WARN_CONSTANT_CONVERSION = YES;
				CLANG_WARN_DEPRECATED_OBJC_IMPLEMENTATIONS = YES;
				CLANG_WARN_DIRECT_OBJC_ISA_USAGE = YES_ERROR;
				CLANG_WARN_DOCUMENTATION_COMMENTS = YES;
				CLANG_WARN_EMPTY_BODY = YES;
				CLANG_WARN_ENUM_CONVERSION = YES;
				CLANG_WARN_INFINITE_RECURSION = YES;
				CLANG_WARN_INT_CONVERSION = YES;
				CLANG_WARN_NON_LITERAL_NULL_CONVERSION = YES;
				CLANG_WARN_OBJC_IMPLICIT_RETAIN_SELF = YES;
				CLANG_WARN_OBJC_LITERAL_CONVERSION = YES;
				CLANG_WARN_OBJC_ROOT_CLASS = YES_ERROR;
				CLANG_WARN_QUOTED_INCLUDE_IN_FRAMEWORK_HEADER = YES;
				CLANG_WARN_RANGE_LOOP_ANALYSIS = YES;
				CLANG_WARN_STRICT_PROTOTYPES = YES;
				CLANG_WARN_SUSPICIOUS_MOVE = YES;
				CLANG_WARN_UNGUARDED_AVAILABILITY = YES_AGGRESSIVE;
				CLANG_WARN_UNREACHABLE_CODE = YES;
				CLANG_WARN__DUPLICATE_METHOD_MATCH = YES;
				COPY_PHASE_STRIP = NO;
				DEBUG_INFORMATION_FORMAT = dwarf;
				ENABLE_STRICT_OBJC_MSGSEND = YES;
				ENABLE_TESTABILITY = YES;
				ENABLE_USER_SCRIPT_SANDBOXING = YES;
				GCC_C_LANGUAGE_STANDARD = gnu17;
				GCC_DYNAMIC_NO_PIC = NO;
				GCC_NO_COMMON_BLOCKS = YES;
				GCC_OPTIMIZATION_LEVEL = 0;
				GCC_PREPROCESSOR_DEFINITIONS = (
					"DEBUG=1",
					"$(inherited)",
				);
				GCC_WARN_64_TO_32_BIT_CONVERSION = YES;
				GCC_WARN_ABOUT_RETURN_TYPE = YES_ERROR;
				GCC_WARN_UNDECLARED_SELECTOR = YES;
				GCC_WARN_UNINITIALIZED_AUTOS = YES_AGGRESSIVE;
				GCC_WARN_UNUSED_FUNCTION = YES;
				GCC_WARN_UNUSED_VARIABLE = YES;
				IPHONEOS_DEPLOYMENT_TARGET = 18.1;
				LOCALIZATION_PREFERS_STRING_CATALOGS = YES;
				MTL_ENABLE_DEBUG_INFO = INCLUDE_SOURCE;
				MTL_FAST_MATH = YES;
				ONLY_ACTIVE_ARCH = YES;
				SDKROOT = iphoneos;
				SWIFT_ACTIVE_COMPILATION_CONDITIONS = "DEBUG $(inherited)";
				SWIFT_OPTIMIZATION_LEVEL = "-Onone";
			};
			name = Debug;
		};
		BD6855162D720E1B006852A8 /* Release */ = {
			isa = XCBuildConfiguration;
			buildSettings = {
				ALWAYS_SEARCH_USER_PATHS = NO;
				ASSETCATALOG_COMPILER_GENERATE_SWIFT_ASSET_SYMBOL_EXTENSIONS = YES;
				CLANG_ANALYZER_NONNULL = YES;
				CLANG_ANALYZER_NUMBER_OBJECT_CONVERSION = YES_AGGRESSIVE;
				CLANG_CXX_LANGUAGE_STANDARD = "gnu++20";
				CLANG_ENABLE_MODULES = YES;
				CLANG_ENABLE_OBJC_ARC = YES;
				CLANG_ENABLE_OBJC_WEAK = YES;
				CLANG_WARN_BLOCK_CAPTURE_AUTORELEASING = YES;
				CLANG_WARN_BOOL_CONVERSION = YES;
				CLANG_WARN_COMMA = YES;
				CLANG_WARN_CONSTANT_CONVERSION = YES;
				CLANG_WARN_DEPRECATED_OBJC_IMPLEMENTATIONS = YES;
				CLANG_WARN_DIRECT_OBJC_ISA_USAGE = YES_ERROR;
				CLANG_WARN_DOCUMENTATION_COMMENTS = YES;
				CLANG_WARN_EMPTY_BODY = YES;
				CLANG_WARN_ENUM_CONVERSION = YES;
				CLANG_WARN_INFINITE_RECURSION = YES;
				CLANG_WARN_INT_CONVERSION = YES;
				CLANG_WARN_NON_LITERAL_NULL_CONVERSION = YES;
				CLANG_WARN_OBJC_IMPLICIT_RETAIN_SELF = YES;
				CLANG_WARN_OBJC_LITERAL_CONVERSION = YES;
				CLANG_WARN_OBJC_ROOT_CLASS = YES_ERROR;
				CLANG_WARN_QUOTED_INCLUDE_IN_FRAMEWORK_HEADER = YES;
				CLANG_WARN_RANGE_LOOP_ANALYSIS = YES;
				CLANG_WARN_STRICT_PROTOTYPES = YES;
				CLANG_WARN_SUSPICIOUS_MOVE = YES;
				CLANG_WARN_UNGUARDED_AVAILABILITY = YES_AGGRESSIVE;
				CLANG_WARN_UNREACHABLE_CODE = YES;
				CLANG_WARN__DUPLICATE_METHOD_MATCH = YES;
				COPY_PHASE_STRIP = NO;
				DEBUG_INFORMATION_FORMAT = "dwarf-with-dsym";
				ENABLE_NS_ASSERTIONS = NO;
				ENABLE_STRICT_OBJC_MSGSEND = YES;
				ENABLE_USER_SCRIPT_SANDBOXING = YES;
				GCC_C_LANGUAGE_STANDARD = gnu17;
				GCC_NO_COMMON_BLOCKS = YES;
				GCC_WARN_64_TO_32_BIT_CONVERSION = YES;
				GCC_WARN_ABOUT_RETURN_TYPE = YES_ERROR;
				GCC_WARN_UNDECLARED_SELECTOR = YES;
				GCC_WARN_UNINITIALIZED_AUTOS = YES_AGGRESSIVE;
				GCC_WARN_UNUSED_FUNCTION = YES;
				GCC_WARN_UNUSED_VARIABLE = YES;
				IPHONEOS_DEPLOYMENT_TARGET = 18.1;
				LOCALIZATION_PREFERS_STRING_CATALOGS = YES;
				MTL_ENABLE_DEBUG_INFO = NO;
				MTL_FAST_MATH = YES;
				SDKROOT = iphoneos;
				SWIFT_COMPILATION_MODE = wholemodule;
				VALIDATE_PRODUCT = YES;
			};
			name = Release;
		};
		BD6855182D720E1B006852A8 /* Debug */ = {
			isa = XCBuildConfiguration;
			buildSettings = {
				BUNDLE_LOADER = "$(TEST_HOST)";
				CODE_SIGN_STYLE = Automatic;
				CURRENT_PROJECT_VERSION = 1;
				GENERATE_INFOPLIST_FILE = YES;
				IPHONEOS_DEPLOYMENT_TARGET = 18.1;
				MARKETING_VERSION = 1.0;
				PRODUCT_BUNDLE_IDENTIFIER = "com.tushar.EquityGroupTest-TusharZadeTests";
				PRODUCT_NAME = "$(TARGET_NAME)";
				SWIFT_EMIT_LOC_STRINGS = NO;
				SWIFT_VERSION = 5.0;
				TARGETED_DEVICE_FAMILY = "1,2";
				TEST_HOST = "$(BUILT_PRODUCTS_DIR)/EquityGroupTest_TusharZade.app/$(BUNDLE_EXECUTABLE_FOLDER_PATH)/EquityGroupTest_TusharZade";
			};
			name = Debug;
		};
		BD6855192D720E1B006852A8 /* Release */ = {
			isa = XCBuildConfiguration;
			buildSettings = {
				BUNDLE_LOADER = "$(TEST_HOST)";
				CODE_SIGN_STYLE = Automatic;
				CURRENT_PROJECT_VERSION = 1;
				GENERATE_INFOPLIST_FILE = YES;
				IPHONEOS_DEPLOYMENT_TARGET = 18.1;
				MARKETING_VERSION = 1.0;
				PRODUCT_BUNDLE_IDENTIFIER = "com.tushar.EquityGroupTest-TusharZadeTests";
				PRODUCT_NAME = "$(TARGET_NAME)";
				SWIFT_EMIT_LOC_STRINGS = NO;
				SWIFT_VERSION = 5.0;
				TARGETED_DEVICE_FAMILY = "1,2";
				TEST_HOST = "$(BUILT_PRODUCTS_DIR)/EquityGroupTest_TusharZade.app/$(BUNDLE_EXECUTABLE_FOLDER_PATH)/EquityGroupTest_TusharZade";
			};
			name = Release;
		};
		BD68551B2D720E1B006852A8 /* Debug */ = {
			isa = XCBuildConfiguration;
			buildSettings = {
				CODE_SIGN_STYLE = Automatic;
				CURRENT_PROJECT_VERSION = 1;
				GENERATE_INFOPLIST_FILE = YES;
				MARKETING_VERSION = 1.0;
				PRODUCT_BUNDLE_IDENTIFIER = "com.tushar.EquityGroupTest-TusharZadeUITests";
				PRODUCT_NAME = "$(TARGET_NAME)";
				SWIFT_EMIT_LOC_STRINGS = NO;
				SWIFT_VERSION = 5.0;
				TARGETED_DEVICE_FAMILY = "1,2";
				TEST_TARGET_NAME = EquityGroupTest_TusharZade;
			};
			name = Debug;
		};
		BD68551C2D720E1B006852A8 /* Release */ = {
			isa = XCBuildConfiguration;
			buildSettings = {
				CODE_SIGN_STYLE = Automatic;
				CURRENT_PROJECT_VERSION = 1;
				GENERATE_INFOPLIST_FILE = YES;
				MARKETING_VERSION = 1.0;
				PRODUCT_BUNDLE_IDENTIFIER = "com.tushar.EquityGroupTest-TusharZadeUITests";
				PRODUCT_NAME = "$(TARGET_NAME)";
				SWIFT_EMIT_LOC_STRINGS = NO;
				SWIFT_VERSION = 5.0;
				TARGETED_DEVICE_FAMILY = "1,2";
				TEST_TARGET_NAME = EquityGroupTest_TusharZade;
			};
			name = Release;
		};
/* End XCBuildConfiguration section */

/* Begin XCConfigurationList section */
		BD6854E42D720E18006852A8 /* Build configuration list for PBXProject "EquityGroupTest_TusharZade" */ = {
			isa = XCConfigurationList;
			buildConfigurations = (
				BD6855152D720E1B006852A8 /* Debug */,
				BD6855162D720E1B006852A8 /* Release */,
			);
			defaultConfigurationIsVisible = 0;
			defaultConfigurationName = Release;
		};
		BD6855122D720E1B006852A8 /* Build configuration list for PBXNativeTarget "EquityGroupTest_TusharZade" */ = {
			isa = XCConfigurationList;
			buildConfigurations = (
				BD6855132D720E1B006852A8 /* Debug */,
				BD6855142D720E1B006852A8 /* Release */,
			);
			defaultConfigurationIsVisible = 0;
			defaultConfigurationName = Release;
		};
		BD6855172D720E1B006852A8 /* Build configuration list for PBXNativeTarget "EquityGroupTest_TusharZadeTests" */ = {
			isa = XCConfigurationList;
			buildConfigurations = (
				BD6855182D720E1B006852A8 /* Debug */,
				BD6855192D720E1B006852A8 /* Release */,
			);
			defaultConfigurationIsVisible = 0;
			defaultConfigurationName = Release;
		};
		BD68551A2D720E1B006852A8 /* Build configuration list for PBXNativeTarget "EquityGroupTest_TusharZadeUITests" */ = {
			isa = XCConfigurationList;
			buildConfigurations = (
				BD68551B2D720E1B006852A8 /* Debug */,
				BD68551C2D720E1B006852A8 /* Release */,
			);
			defaultConfigurationIsVisible = 0;
			defaultConfigurationName = Release;
		};
/* End XCConfigurationList section */
	};
	rootObject = BD6854E12D720E18006852A8 /* Project object */;
}
